
Microsoft Visual Studio Solution File, Format Version 12.00
# Visual Studio Version 16
VisualStudioVersion = 16.0.31624.102
MinimumVisualStudioVersion = 10.0.40219.1
Project("{FAE04EC0-301F-11D3-BF4B-00C04F79EFBC}") = "PageObject", "ProjectTestSelenium\PageObject.csproj", "{BBB84754-9690-44A2-819F-6DBF9CCF83B9}"
EndProject
Project("{FAE04EC0-301F-11D3-BF4B-00C04F79EFBC}") = "Tests", "Tests\Tests.csproj", "{0EF1BB9C-AD51-4773-8885-C212978AC5B5}"
EndProject
Global
	GlobalSection(SolutionConfigurationPlatforms) = preSolution
		Debug|Any CPU = Debug|Any CPU
		Release|Any CPU = Release|Any CPU
	EndGlobalSection
	GlobalSection(ProjectConfigurationPlatforms) = postSolution
		{BBB84754-9690-44A2-819F-6DBF9CCF83B9}.Debug|Any CPU.ActiveCfg = Debug|Any CPU
		{BBB84754-9690-44A2-819F-6DBF9CCF83B9}.Debug|Any CPU.Build.0 = Debug|Any CPU
		{BBB84754-9690-44A2-819F-6DBF9CCF83B9}.Release|Any CPU.ActiveCfg = Release|Any CPU
		{BBB84754-9690-44A2-819F-6DBF9CCF83B9}.Release|Any CPU.Build.0 = Release|Any CPU
		{0EF1BB9C-AD51-4773-8885-C212978AC5B5}.Debug|Any CPU.ActiveCfg = Debug|Any CPU
		{0EF1BB9C-AD51-4773-8885-C212978AC5B5}.Debug|Any CPU.Build.0 = Debug|Any CPU
		{0EF1BB9C-AD51-4773-8885-C212978AC5B5}.Release|Any CPU.ActiveCfg = Release|Any CPU
		{0EF1BB9C-AD51-4773-8885-C212978AC5B5}.Release|Any CPU.Build.0 = Release|Any CPU
	EndGlobalSection
	GlobalSection(SolutionProperties) = preSolution
		HideSolutionNode = FALSE
	EndGlobalSection
	GlobalSection(ExtensibilityGlobals) = postSolution
		SolutionGuid = {C737ABBE-42D9-44DF-B606-248180C4CDB0}
	EndGlobalSection
EndGlobal
